# @generated - this file is auto-generated by `mise lock` https://mise.en.dev/dev-tools/mise-lock.html

[[tools.cargo-binstall]]
version = "1.20.0"
backend = "aqua:cargo-bins/cargo-binstall"

[tools.cargo-binstall."platforms.linux-arm64"]
checksum = "sha256:3e85b6bbdf971806562ea4070bb4bdae8591fb7bcc2e0f4ea693f40c4ab92159"
url = "https://github.com/cargo-bins/cargo-binstall/releases/download/v1.20.0/cargo-binstall-aarch64-unknown-linux-musl.tgz"
provenance = "github-attestations"

[tools.cargo-binstall."platforms.linux-arm64-musl"]
checksum = "sha256:3e85b6bbdf971806562ea4070bb4bdae8591fb7bcc2e0f4ea693f40c4ab92159"
url = "https://github.com/cargo-bins/cargo-binstall/releases/download/v1.20.0/cargo-binstall-aarch64-unknown-linux-musl.tgz"
provenance = "github-attestations"

[tools.cargo-binstall."platforms.linux-x64"]
checksum = "sha256:4d7875788d0505547c220d2b02d3619aac0dd19b7033eba7005a8d09ff1dc433"
url = "https://github.com/cargo-bins/cargo-binstall/releases/download/v1.20.0/cargo-binstall-x86_64-unknown-linux-musl.tgz"
provenance = "github-attestations"

[tools.cargo-binstall."platforms.linux-x64-musl"]
checksum = "sha256:4d7875788d0505547c220d2b02d3619aac0dd19b7033eba7005a8d09ff1dc433"
url = "https://github.com/cargo-bins/cargo-binstall/releases/download/v1.20.0/cargo-binstall-x86_64-unknown-linux-musl.tgz"
provenance = "github-attestations"

[tools.cargo-binstall."platforms.macos-arm64"]
checksum = "sha256:24a9cbf1e4c238881f408d7cca11f4aafba1fdeb0e518887638af5dd40e6ac3d"
url = "https://github.com/cargo-bins/cargo-binstall/releases/download/v1.20.0/cargo-binstall-aarch64-apple-darwin.zip"
provenance = "github-attestations"

[tools.cargo-binstall."platforms.macos-x64"]
checksum = "sha256:2ef14fc607859ba238bce73512eba68941e3addc61cb40282171287fbdee5ff4"
url = "https://github.com/cargo-bins/cargo-binstall/releases/download/v1.20.0/cargo-binstall-x86_64-apple-darwin.zip"
provenance = "github-attestations"

[tools.cargo-binstall."platforms.windows-x64"]
checksum = "sha256:185c115ef1977e044e009336c77bf41cc61f144944fdb43e2d84f291b96648dc"
url = "https://github.com/cargo-bins/cargo-binstall/releases/download/v1.20.0/cargo-binstall-x86_64-pc-windows-msvc.zip"
provenance = "github-attestations"

[[tools."cargo:cargo-fuzz"]]
version = "0.13.1"
backend = "cargo:cargo-fuzz"

[[tools."cargo:cargo-insta"]]
version = "1.47.2"
backend = "cargo:cargo-insta"

[[tools."cargo:cargo-nextest"]]
version = "0.9.137"
backend = "cargo:cargo-nextest"

[[tools.oxfmt]]
version = "0.54.0"
backend = "npm:oxfmt"

[[tools.rust]]
version = "1.93.1"
backend = "core:rust"
